<?xml version="1.0" encoding="utf-8"?>
<Project ToolsVersion="4.0" xmlns="http://schemas.microsoft.com/developer/msbuild/2003">
  <ItemGroup>
    <Filter Include="Source Files">
      <UniqueIdentifier>{4FC737F1-C7A5-4376-A066-2A32D752A2FF}</UniqueIdentifier>
      <Extensions>cpp;c;cc;cxx;def;odl;idl;hpj;bat;asm;asmx</Extensions>
    </Filter>
    <Filter Include="Include Files">
      <UniqueIdentifier>{93995380-89BD-4b04-88EB-625FBE52EBFB}</UniqueIdentifier>
      <Extensions>h;hpp;hxx;hm;inl;inc;xsd</Extensions>
    </Filter>
    <Filter Include="Make Files">
      <UniqueIdentifier>{9023ef6d-1331-436d-bf52-1dbb9afd9442}</UniqueIdentifier>
    </Filter>
    <Filter Include="Make Files\src">
      <UniqueIdentifier>{18a8160c-eb39-48fb-8fd8-3779cc070f24}</UniqueIdentifier>
    </Filter>
    <Filter Include="Make Files\nad">
      <UniqueIdentifier>{cbc196f4-5375-42cd-9e43-5274f7f5b239}</UniqueIdentifier>
    </Filter>
  </ItemGroup>
  <ItemGroup>
    <None Include="makefile.vc">
      <Filter>Make Files</Filter>
    </None>
    <None Include="nmake.opt">
      <Filter>Make Files</Filter>
    </None>
    <None Include="src\makefile.vc">
      <Filter>Make Files\src</Filter>
    </None>
    <None Include="nad\makefile.vc">
      <Filter>Make Files\nad</Filter>
    </None>
  </ItemGroup>
  <ItemGroup>
    <ClCompile Include="src\aasincos.c">
      <Filter>Source Files</Filter>
    </ClCompile>
    <ClCompile Include="src\adjlon.c">
      <Filter>Source Files</Filter>
    </ClCompile>
    <ClCompile Include="src\bch2bps.c">
      <Filter>Source Files</Filter>
    </ClCompile>
    <ClCompile Include="src\bchgen.c">
      <Filter>Source Files</Filter>
    </ClCompile>
    <ClCompile Include="src\biveval.c">
      <Filter>Source Files</Filter>
    </ClCompile>
    <ClCompile Include="src\cs2cs.c">
      <Filter>Source Files</Filter>
    </ClCompile>
    <ClCompile Include="src\dmstor.c">
      <Filter>Source Files</Filter>
    </ClCompile>
    <ClCompile Include="src\emess.c">
      <Filter>Source Files</Filter>
    </ClCompile>
    <ClCompile Include="src\gen_cheb.c">
      <Filter>Source Files</Filter>
    </ClCompile>
    <ClCompile Include="src\geocent.c">
      <Filter>Source Files</Filter>
    </ClCompile>
    <ClCompile Include="src\geod.c">
      <Filter>Source Files</Filter>
    </ClCompile>
    <ClCompile Include="src\geod_for.c">
      <Filter>Source Files</Filter>
    </ClCompile>
    <ClCompile Include="src\geod_inv.c">
      <Filter>Source Files</Filter>
    </ClCompile>
    <ClCompile Include="src\geod_set.c">
      <Filter>Source Files</Filter>
    </ClCompile>
    <ClCompile Include="src\jniproj.c">
      <Filter>Source Files</Filter>
    </ClCompile>
    <ClCompile Include="src\mk_cheby.c">
      <Filter>Source Files</Filter>
    </ClCompile>
    <ClCompile Include="src\multistresstest.c">
      <Filter>Source Files</Filter>
    </ClCompile>
    <ClCompile Include="src\nad_cvt.c">
      <Filter>Source Files</Filter>
    </ClCompile>
    <ClCompile Include="src\nad_init.c">
      <Filter>Source Files</Filter>
    </ClCompile>
    <ClCompile Include="src\nad_intr.c">
      <Filter>Source Files</Filter>
    </ClCompile>
    <ClCompile Include="src\nad2bin.c">
      <Filter>Source Files</Filter>
    </ClCompile>
    <ClCompile Include="src\p_series.c">
      <Filter>Source Files</Filter>
    </ClCompile>
    <ClCompile Include="src\PJ_aea.c">
      <Filter>Source Files</Filter>
    </ClCompile>
    <ClCompile Include="src\PJ_aeqd.c">
      <Filter>Source Files</Filter>
    </ClCompile>
    <ClCompile Include="src\PJ_airy.c">
      <Filter>Source Files</Filter>
    </ClCompile>
    <ClCompile Include="src\PJ_aitoff.c">
      <Filter>Source Files</Filter>
    </ClCompile>
    <ClCompile Include="src\pj_apply_gridshift.c">
      <Filter>Source Files</Filter>
    </ClCompile>
    <ClCompile Include="src\pj_apply_vgridshift.c">
      <Filter>Source Files</Filter>
    </ClCompile>
    <ClCompile Include="src\PJ_august.c">
      <Filter>Source Files</Filter>
    </ClCompile>
    <ClCompile Include="src\pj_auth.c">
      <Filter>Source Files</Filter>
    </ClCompile>
    <ClCompile Include="src\PJ_bacon.c">
      <Filter>Source Files</Filter>
    </ClCompile>
    <ClCompile Include="src\PJ_bipc.c">
      <Filter>Source Files</Filter>
    </ClCompile>
    <ClCompile Include="src\PJ_boggs.c">
      <Filter>Source Files</Filter>
    </ClCompile>
    <ClCompile Include="src\PJ_bonne.c">
      <Filter>Source Files</Filter>
    </ClCompile>
    <ClCompile Include="src\PJ_cass.c">
      <Filter>Source Files</Filter>
    </ClCompile>
    <ClCompile Include="src\PJ_cc.c">
      <Filter>Source Files</Filter>
    </ClCompile>
    <ClCompile Include="src\PJ_cea.c">
      <Filter>Source Files</Filter>
    </ClCompile>
    <ClCompile Include="src\PJ_chamb.c">
      <Filter>Source Files</Filter>
    </ClCompile>
    <ClCompile Include="src\PJ_collg.c">
      <Filter>Source Files</Filter>
    </ClCompile>
    <ClCompile Include="src\PJ_crast.c">
      <Filter>Source Files</Filter>
    </ClCompile>
    <ClCompile Include="src\pj_ctx.c">
      <Filter>Source Files</Filter>
    </ClCompile>
    <ClCompile Include="src\pj_datum_set.c">
      <Filter>Source Files</Filter>
    </ClCompile>
    <ClCompile Include="src\pj_datums.c">
      <Filter>Source Files</Filter>
    </ClCompile>
    <ClCompile Include="src\PJ_denoy.c">
      <Filter>Source Files</Filter>
    </ClCompile>
    <ClCompile Include="src\pj_deriv.c">
      <Filter>Source Files</Filter>
    </ClCompile>
    <ClCompile Include="src\PJ_eck1.c">
      <Filter>Source Files</Filter>
    </ClCompile>
    <ClCompile Include="src\PJ_eck2.c">
      <Filter>Source Files</Filter>
    </ClCompile>
    <ClCompile Include="src\PJ_eck3.c">
      <Filter>Source Files</Filter>
    </ClCompile>
    <ClCompile Include="src\PJ_eck4.c">
      <Filter>Source Files</Filter>
    </ClCompile>
    <ClCompile Include="src\PJ_eck5.c">
      <Filter>Source Files</Filter>
    </ClCompile>
    <ClCompile Include="src\pj_ell_set.c">
      <Filter>Source Files</Filter>
    </ClCompile>
    <ClCompile Include="src\pj_ellps.c">
      <Filter>Source Files</Filter>
    </ClCompile>
    <ClCompile Include="src\PJ_eqc.c">
      <Filter>Source Files</Filter>
    </ClCompile>
    <ClCompile Include="src\PJ_eqdc.c">
      <Filter>Source Files</Filter>
    </ClCompile>
    <ClCompile Include="src\pj_errno.c">
      <Filter>Source Files</Filter>
    </ClCompile>
    <ClCompile Include="src\pj_factors.c">
      <Filter>Source Files</Filter>
    </ClCompile>
    <ClCompile Include="src\PJ_fahey.c">
      <Filter>Source Files</Filter>
    </ClCompile>
    <ClCompile Include="src\PJ_fouc_s.c">
      <Filter>Source Files</Filter>
    </ClCompile>
    <ClCompile Include="src\pj_fwd.c">
      <Filter>Source Files</Filter>
    </ClCompile>
    <ClCompile Include="src\PJ_gall.c">
      <Filter>Source Files</Filter>
    </ClCompile>
    <ClCompile Include="src\pj_gauss.c">
      <Filter>Source Files</Filter>
    </ClCompile>
    <ClCompile Include="src\pj_geocent.c">
      <Filter>Source Files</Filter>
    </ClCompile>
    <ClCompile Include="src\PJ_geos.c">
      <Filter>Source Files</Filter>
    </ClCompile>
    <ClCompile Include="src\PJ_gins8.c">
      <Filter>Source Files</Filter>
    </ClCompile>
    <ClCompile Include="src\PJ_gn_sinu.c">
      <Filter>Source Files</Filter>
    </ClCompile>
    <ClCompile Include="src\PJ_gnom.c">
      <Filter>Source Files</Filter>
    </ClCompile>
    <ClCompile Include="src\PJ_goode.c">
      <Filter>Source Files</Filter>
    </ClCompile>
    <ClCompile Include="src\pj_gridinfo.c">
      <Filter>Source Files</Filter>
    </ClCompile>
    <ClCompile Include="src\pj_gridlist.c">
      <Filter>Source Files</Filter>
    </ClCompile>
    <ClCompile Include="src\PJ_gstmerc.c">
      <Filter>Source Files</Filter>
    </ClCompile>
    <ClCompile Include="src\PJ_hammer.c">
      <Filter>Source Files</Filter>
    </ClCompile>
    <ClCompile Include="src\PJ_hatano.c">
      <Filter>Source Files</Filter>
    </ClCompile>
    <ClCompile Include="src\PJ_healpix.c">
      <Filter>Source Files</Filter>
    </ClCompile>
    <ClCompile Include="src\PJ_igh.c">
      <Filter>Source Files</Filter>
    </ClCompile>
    <ClCompile Include="src\pj_init.c">
      <Filter>Source Files</Filter>
    </ClCompile>
    <ClCompile Include="src\pj_initcache.c">
      <Filter>Source Files</Filter>
    </ClCompile>
    <ClCompile Include="src\pj_inv.c">
      <Filter>Source Files</Filter>
    </ClCompile>
    <ClCompile Include="src\PJ_isea.c">
      <Filter>Source Files</Filter>
    </ClCompile>
    <ClCompile Include="src\PJ_krovak.c">
      <Filter>Source Files</Filter>
    </ClCompile>
    <ClCompile Include="src\PJ_labrd.c">
      <Filter>Source Files</Filter>
    </ClCompile>
    <ClCompile Include="src\PJ_laea.c">
      <Filter>Source Files</Filter>
    </ClCompile>
    <ClCompile Include="src\PJ_lagrng.c">
      <Filter>Source Files</Filter>
    </ClCompile>
    <ClCompile Include="src\PJ_larr.c">
      <Filter>Source Files</Filter>
    </ClCompile>
    <ClCompile Include="src\PJ_lask.c">
      <Filter>Source Files</Filter>
    </ClCompile>
    <ClCompile Include="src\pj_latlong.c">
      <Filter>Source Files</Filter>
    </ClCompile>
    <ClCompile Include="src\PJ_lcc.c">
      <Filter>Source Files</Filter>
    </ClCompile>
    <ClCompile Include="src\PJ_lcca.c">
      <Filter>Source Files</Filter>
    </ClCompile>
    <ClCompile Include="src\pj_list.c">
      <Filter>Source Files</Filter>
    </ClCompile>
    <ClCompile Include="src\pj_log.c">
      <Filter>Source Files</Filter>
    </ClCompile>
    <ClCompile Include="src\PJ_loxim.c">
      <Filter>Source Files</Filter>
    </ClCompile>
    <ClCompile Include="src\PJ_lsat.c">
      <Filter>Source Files</Filter>
    </ClCompile>
    <ClCompile Include="src\pj_malloc.c">
      <Filter>Source Files</Filter>
    </ClCompile>
    <ClCompile Include="src\PJ_mbt_fps.c">
      <Filter>Source Files</Filter>
    </ClCompile>
    <ClCompile Include="src\PJ_mbtfpp.c">
      <Filter>Source Files</Filter>
    </ClCompile>
    <ClCompile Include="src\PJ_mbtfpq.c">
      <Filter>Source Files</Filter>
    </ClCompile>
    <ClCompile Include="src\PJ_merc.c">
      <Filter>Source Files</Filter>
    </ClCompile>
    <ClCompile Include="src\PJ_mill.c">
      <Filter>Source Files</Filter>
    </ClCompile>
    <ClCompile Include="src\pj_mlfn.c">
      <Filter>Source Files</Filter>
    </ClCompile>
    <ClCompile Include="src\PJ_mod_ster.c">
      <Filter>Source Files</Filter>
    </ClCompile>
    <ClCompile Include="src\PJ_moll.c">
      <Filter>Source Files</Filter>
    </ClCompile>
    <ClCompile Include="src\pj_msfn.c">
      <Filter>Source Files</Filter>
    </ClCompile>
    <ClCompile Include="src\pj_mutex.c">
      <Filter>Source Files</Filter>
    </ClCompile>
    <ClCompile Include="src\PJ_natearth.c">
      <Filter>Source Files</Filter>
    </ClCompile>
    <ClCompile Include="src\PJ_nell.c">
      <Filter>Source Files</Filter>
    </ClCompile>
    <ClCompile Include="src\PJ_nell_h.c">
      <Filter>Source Files</Filter>
    </ClCompile>
    <ClCompile Include="src\PJ_nocol.c">
      <Filter>Source Files</Filter>
    </ClCompile>
    <ClCompile Include="src\PJ_nsper.c">
      <Filter>Source Files</Filter>
    </ClCompile>
    <ClCompile Include="src\PJ_nzmg.c">
      <Filter>Source Files</Filter>
    </ClCompile>
    <ClCompile Include="src\PJ_ob_tran.c">
      <Filter>Source Files</Filter>
    </ClCompile>
    <ClCompile Include="src\PJ_ocea.c">
      <Filter>Source Files</Filter>
    </ClCompile>
    <ClCompile Include="src\PJ_oea.c">
      <Filter>Source Files</Filter>
    </ClCompile>
    <ClCompile Include="src\PJ_omerc.c">
      <Filter>Source Files</Filter>
    </ClCompile>
    <ClCompile Include="src\pj_open_lib.c">
      <Filter>Source Files</Filter>
    </ClCompile>
    <ClCompile Include="src\PJ_ortho.c">
      <Filter>Source Files</Filter>
    </ClCompile>
    <ClCompile Include="src\pj_param.c">
      <Filter>Source Files</Filter>
    </ClCompile>
    <ClCompile Include="src\pj_phi2.c">
      <Filter>Source Files</Filter>
    </ClCompile>
    <ClCompile Include="src\PJ_poly.c">
      <Filter>Source Files</Filter>
    </ClCompile>
    <ClCompile Include="src\pj_pr_list.c">
      <Filter>Source Files</Filter>
    </ClCompile>
    <ClCompile Include="src\PJ_putp2.c">
      <Filter>Source Files</Filter>
    </ClCompile>
    <ClCompile Include="src\PJ_putp3.c">
      <Filter>Source Files</Filter>
    </ClCompile>
    <ClCompile Include="src\PJ_putp4p.c">
      <Filter>Source Files</Filter>
    </ClCompile>
    <ClCompile Include="src\PJ_putp5.c">
      <Filter>Source Files</Filter>
    </ClCompile>
    <ClCompile Include="src\PJ_putp6.c">
      <Filter>Source Files</Filter>
    </ClCompile>
    <ClCompile Include="src\pj_qsfn.c">
      <Filter>Source Files</Filter>
    </ClCompile>
    <ClCompile Include="src\pj_release.c">
      <Filter>Source Files</Filter>
    </ClCompile>
    <ClCompile Include="src\PJ_robin.c">
      <Filter>Source Files</Filter>
    </ClCompile>
    <ClCompile Include="src\PJ_rpoly.c">
      <Filter>Source Files</Filter>
    </ClCompile>
    <ClCompile Include="src\PJ_sconics.c">
      <Filter>Source Files</Filter>
    </ClCompile>
    <ClCompile Include="src\PJ_somerc.c">
      <Filter>Source Files</Filter>
    </ClCompile>
    <ClCompile Include="src\PJ_stere.c">
      <Filter>Source Files</Filter>
    </ClCompile>
    <ClCompile Include="src\PJ_sterea.c">
      <Filter>Source Files</Filter>
    </ClCompile>
    <ClCompile Include="src\pj_strerrno.c">
      <Filter>Source Files</Filter>
    </ClCompile>
    <ClCompile Include="src\PJ_sts.c">
      <Filter>Source Files</Filter>
    </ClCompile>
    <ClCompile Include="src\PJ_tcc.c">
      <Filter>Source Files</Filter>
    </ClCompile>
    <ClCompile Include="src\PJ_tcea.c">
      <Filter>Source Files</Filter>
    </ClCompile>
    <ClCompile Include="src\PJ_tmerc.c">
      <Filter>Source Files</Filter>
    </ClCompile>
    <ClCompile Include="src\PJ_tpeqd.c">
      <Filter>Source Files</Filter>
    </ClCompile>
    <ClCompile Include="src\pj_transform.c">
      <Filter>Source Files</Filter>
    </ClCompile>
    <ClCompile Include="src\pj_tsfn.c">
      <Filter>Source Files</Filter>
    </ClCompile>
    <ClCompile Include="src\pj_units.c">
      <Filter>Source Files</Filter>
    </ClCompile>
    <ClCompile Include="src\PJ_urm5.c">
      <Filter>Source Files</Filter>
    </ClCompile>
    <ClCompile Include="src\PJ_urmfps.c">
      <Filter>Source Files</Filter>
    </ClCompile>
    <ClCompile Include="src\pj_utils.c">
      <Filter>Source Files</Filter>
    </ClCompile>
    <ClCompile Include="src\PJ_vandg.c">
      <Filter>Source Files</Filter>
    </ClCompile>
    <ClCompile Include="src\PJ_vandg2.c">
      <Filter>Source Files</Filter>
    </ClCompile>
    <ClCompile Include="src\PJ_vandg4.c">
      <Filter>Source Files</Filter>
    </ClCompile>
    <ClCompile Include="src\PJ_wag2.c">
      <Filter>Source Files</Filter>
    </ClCompile>
    <ClCompile Include="src\PJ_wag3.c">
      <Filter>Source Files</Filter>
    </ClCompile>
    <ClCompile Include="src\PJ_wag7.c">
      <Filter>Source Files</Filter>
    </ClCompile>
    <ClCompile Include="src\PJ_wink1.c">
      <Filter>Source Files</Filter>
    </ClCompile>
    <ClCompile Include="src\PJ_wink2.c">
      <Filter>Source Files</Filter>
    </ClCompile>
    <ClCompile Include="src\pj_zpoly1.c">
      <Filter>Source Files</Filter>
    </ClCompile>
    <ClCompile Include="src\proj.c">
      <Filter>Source Files</Filter>
    </ClCompile>
    <ClCompile Include="src\proj_etmerc.c">
      <Filter>Source Files</Filter>
    </ClCompile>
    <ClCompile Include="src\proj_mdist.c">
      <Filter>Source Files</Filter>
    </ClCompile>
    <ClCompile Include="src\proj_rouss.c">
      <Filter>Source Files</Filter>
    </ClCompile>
    <ClCompile Include="src\rtodms.c">
      <Filter>Source Files</Filter>
    </ClCompile>
    <ClCompile Include="src\vector1.c">
      <Filter>Source Files</Filter>
    </ClCompile>
  </ItemGroup>
  <ItemGroup>
    <ClInclude Include="src\emess.h">
      <Filter>Include Files</Filter>
    </ClInclude>
    <ClInclude Include="src\geocent.h">
      <Filter>Include Files</Filter>
    </ClInclude>
    <ClInclude Include="src\geodesic.h">
      <Filter>Include Files</Filter>
    </ClInclude>
    <ClInclude Include="src\org_proj4_Projections.h">
      <Filter>Include Files</Filter>
    </ClInclude>
    <ClInclude Include="src\pj_list.h">
      <Filter>Include Files</Filter>
    </ClInclude>
    <ClInclude Include="src\proj_api.h">
      <Filter>Include Files</Filter>
    </ClInclude>
    <ClInclude Include="src\projects.h">
      <Filter>Include Files</Filter>
    </ClInclude>
  </ItemGroup>
</Project>